<?xml version="1.0" encoding="utf-8"?>
<Project ToolsVersion="4.0" xmlns="http://schemas.microsoft.com/developer/msbuild/2003">
  <ItemGroup>
    <Filter Include="Zdrojové soubory">
      <UniqueIdentifier>{4FC737F1-C7A5-4376-A066-2A32D752A2FF}</UniqueIdentifier>
      <Extensions>cpp;c;cc;cxx;c++;cppm;ixx;def;odl;idl;hpj;bat;asm;asmx</Extensions>
    </Filter>
    <Filter Include="Hlavičkové soubory">
      <UniqueIdentifier>{93995380-89BD-4b04-88EB-625FBE52EBFB}</UniqueIdentifier>
      <Extensions>h;hh;hpp;hxx;h++;hm;inl;inc;ipp;xsd</Extensions>
    </Filter>
    <Filter Include="Soubory zdrojů">
      <UniqueIdentifier>{67DA6AB6-F800-4c08-8B7A-83BB121AAD01}</UniqueIdentifier>
      <Extensions>rc;ico;cur;bmp;dlg;rc2;rct;bin;rgs;gif;jpg;jpeg;jpe;resx;tiff;tif;png;wav;mfcribbon-ms</Extensions>
    </Filter>
  </ItemGroup>
  <ItemGroup>
    <ClCompile Include="source\AurieMain.cpp">
      <Filter>Zdrojové soubory</Filter>
    </ClCompile>
    <ClCompile Include="source\framework\Module Manager\module.cpp">
      <Filter>Zdrojové soubory</Filter>
    </ClCompile>
    <ClCompile Include="source\framework\PE Parser\pe.cpp">
      <Filter>Zdrojové soubory</Filter>
    </ClCompile>
    <ClCompile Include="source\framework\Object Manager\object.cpp">
      <Filter>Zdrojové soubory</Filter>
    </ClCompile>
    <ClCompile Include="source\framework\Memory Manager\memory.cpp">
      <Filter>Zdrojové soubory</Filter>
    </ClCompile>
    <ClCompile Include="source\framework\Early Launch\early_launch.cpp">
      <Filter>Zdrojové soubory</Filter>
    </ClCompile>
    <ClCompile Include="source\include\Zydis\Zydis.c">
      <Filter>Zdrojové soubory</Filter>
    </ClCompile>
    <ClCompile Include="source\framework\Debugging\debug.cpp">
      <Filter>Zdrojové soubory</Filter>
    </ClCompile>
    <ClCompile Include="source\include\SafetyHook\allocator.cpp">
      <Filter>Zdrojové soubory</Filter>
    </ClCompile>
    <ClCompile Include="source\include\SafetyHook\easy.cpp">
      <Filter>Zdrojové soubory</Filter>
    </ClCompile>
    <ClCompile Include="source\include\SafetyHook\inline_hook.cpp">
      <Filter>Zdrojové soubory</Filter>
    </ClCompile>
    <ClCompile Include="source\include\SafetyHook\mid_hook.cpp">
      <Filter>Zdrojové soubory</Filter>
    </ClCompile>
    <ClCompile Include="source\include\SafetyHook\os.linux.cpp">
      <Filter>Zdrojové soubory</Filter>
    </ClCompile>
    <ClCompile Include="source\include\SafetyHook\os.windows.cpp">
      <Filter>Zdrojové soubory</Filter>
    </ClCompile>
    <ClCompile Include="source\include\SafetyHook\rp_inline_hook.cpp">
      <Filter>Zdrojové soubory</Filter>
    </ClCompile>
    <ClCompile Include="source\include\SafetyHook\utility.cpp">
      <Filter>Zdrojové soubory</Filter>
    </ClCompile>
    <ClCompile Include="source\include\SafetyHook\vmt_hook.cpp">
      <Filter>Zdrojové soubory</Filter>
    </ClCompile>
  </ItemGroup>
  <ItemGroup>
    <ClInclude Include="source\framework\Module Manager\module.hpp">
      <Filter>Hlavičkové soubory</Filter>
    </ClInclude>
    <ClInclude Include="source\framework\Object Manager\object.hpp">
      <Filter>Hlavičkové soubory</Filter>
    </ClInclude>
    <ClInclude Include="source\framework\PE Parser\pe.hpp">
      <Filter>Hlavičkové soubory</Filter>
    </ClInclude>
    <ClInclude Include="source\framework\Memory Manager\memory.hpp">
      <Filter>Hlavičkové soubory</Filter>
    </ClInclude>
    <ClInclude Include="source\framework\shared.hpp">
      <Filter>Hlavičkové soubory</Filter>
    </ClInclude>
    <ClInclude Include="source\framework\framework.hpp">
      <Filter>Hlavičkové soubory</Filter>
    </ClInclude>
    <ClInclude Include="source\framework\Early Launch\early_launch.hpp">
      <Filter>Hlavičkové soubory</Filter>
    </ClInclude>
    <ClInclude Include="source\include\Zydis\Zydis.h">
      <Filter>Hlavičkové soubory</Filter>
    </ClInclude>
    <ClInclude Include="resource.h">
      <Filter>Hlavičkové soubory</Filter>
    </ClInclude>
    <ClInclude Include="source\framework\Debugging\debug.hpp">
      <Filter>Hlavičkové soubory</Filter>
    </ClInclude>
    <ClInclude Include="source\include\spdlog\cfg\argv.h">
      <Filter>Hlavičkové soubory</Filter>
    </ClInclude>
    <ClInclude Include="source\include\spdlog\cfg\env.h">
      <Filter>Hlavičkové soubory</Filter>
    </ClInclude>
    <ClInclude Include="source\include\spdlog\cfg\helpers.h">
      <Filter>Hlavičkové soubory</Filter>
    </ClInclude>
    <ClInclude Include="source\include\spdlog\cfg\helpers-inl.h">
      <Filter>Hlavičkové soubory</Filter>
    </ClInclude>
    <ClInclude Include="source\include\spdlog\details\backtracer.h">
      <Filter>Hlavičkové soubory</Filter>
    </ClInclude>
    <ClInclude Include="source\include\spdlog\details\backtracer-inl.h">
      <Filter>Hlavičkové soubory</Filter>
    </ClInclude>
    <ClInclude Include="source\include\spdlog\details\circular_q.h">
      <Filter>Hlavičkové soubory</Filter>
    </ClInclude>
    <ClInclude Include="source\include\spdlog\details\console_globals.h">
      <Filter>Hlavičkové soubory</Filter>
    </ClInclude>
    <ClInclude Include="source\include\spdlog\details\file_helper.h">
      <Filter>Hlavičkové soubory</Filter>
    </ClInclude>
    <ClInclude Include="source\include\spdlog\details\file_helper-inl.h">
      <Filter>Hlavičkové soubory</Filter>
    </ClInclude>
    <ClInclude Include="source\include\spdlog\details\fmt_helper.h">
      <Filter>Hlavičkové soubory</Filter>
    </ClInclude>
    <ClInclude Include="source\include\spdlog\details\log_msg.h">
      <Filter>Hlavičkové soubory</Filter>
    </ClInclude>
    <ClInclude Include="source\include\spdlog\details\log_msg_buffer.h">
      <Filter>Hlavičkové soubory</Filter>
    </ClInclude>
    <ClInclude Include="source\include\spdlog\details\log_msg_buffer-inl.h">
      <Filter>Hlavičkové soubory</Filter>
    </ClInclude>
    <ClInclude Include="source\include\spdlog\details\log_msg-inl.h">
      <Filter>Hlavičkové soubory</Filter>
    </ClInclude>
    <ClInclude Include="source\include\spdlog\details\mpmc_blocking_q.h">
      <Filter>Hlavičkové soubory</Filter>
    </ClInclude>
    <ClInclude Include="source\include\spdlog\details\null_mutex.h">
      <Filter>Hlavičkové soubory</Filter>
    </ClInclude>
    <ClInclude Include="source\include\spdlog\details\os.h">
      <Filter>Hlavičkové soubory</Filter>
    </ClInclude>
    <ClInclude Include="source\include\spdlog\details\os-inl.h">
      <Filter>Hlavičkové soubory</Filter>
    </ClInclude>
    <ClInclude Include="source\include\spdlog\details\periodic_worker.h">
      <Filter>Hlavičkové soubory</Filter>
    </ClInclude>
    <ClInclude Include="source\include\spdlog\details\periodic_worker-inl.h">
      <Filter>Hlavičkové soubory</Filter>
    </ClInclude>
    <ClInclude Include="source\include\spdlog\details\registry.h">
      <Filter>Hlavičkové soubory</Filter>
    </ClInclude>
    <ClInclude Include="source\include\spdlog\details\registry-inl.h">
      <Filter>Hlavičkové soubory</Filter>
    </ClInclude>
    <ClInclude Include="source\include\spdlog\details\synchronous_factory.h">
      <Filter>Hlavičkové soubory</Filter>
    </ClInclude>
    <ClInclude Include="source\include\spdlog\details\tcp_client.h">
      <Filter>Hlavičkové soubory</Filter>
    </ClInclude>
    <ClInclude Include="source\include\spdlog\details\tcp_client-windows.h">
      <Filter>Hlavičkové soubory</Filter>
    </ClInclude>
    <ClInclude Include="source\include\spdlog\details\thread_pool.h">
      <Filter>Hlavičkové soubory</Filter>
    </ClInclude>
    <ClInclude Include="source\include\spdlog\details\thread_pool-inl.h">
      <Filter>Hlavičkové soubory</Filter>
    </ClInclude>
    <ClInclude Include="source\include\spdlog\details\udp_client.h">
      <Filter>Hlavičkové soubory</Filter>
    </ClInclude>
    <ClInclude Include="source\include\spdlog\details\udp_client-windows.h">
      <Filter>Hlavičkové soubory</Filter>
    </ClInclude>
    <ClInclude Include="source\include\spdlog\details\windows_include.h">
      <Filter>Hlavičkové soubory</Filter>
    </ClInclude>
    <ClInclude Include="source\include\spdlog\fmt\bundled\args.h">
      <Filter>Hlavičkové soubory</Filter>
    </ClInclude>
    <ClInclude Include="source\include\spdlog\fmt\bundled\base.h">
      <Filter>Hlavičkové soubory</Filter>
    </ClInclude>
    <ClInclude Include="source\include\spdlog\fmt\bundled\color.h">
      <Filter>Hlavičkové soubory</Filter>
    </ClInclude>
    <ClInclude Include="source\include\spdlog\fmt\bundled\compile.h">
      <Filter>Hlavičkové soubory</Filter>
    </ClInclude>
    <ClInclude Include="source\include\spdlog\fmt\bundled\core.h">
      <Filter>Hlavičkové soubory</Filter>
    </ClInclude>
    <ClInclude Include="source\include\spdlog\fmt\bundled\format.h">
      <Filter>Hlavičkové soubory</Filter>
    </ClInclude>
    <ClInclude Include="source\include\spdlog\fmt\bundled\format-inl.h">
      <Filter>Hlavičkové soubory</Filter>
    </ClInclude>
    <ClInclude Include="source\include\spdlog\fmt\bundled\chrono.h">
      <Filter>Hlavičkové soubory</Filter>
    </ClInclude>
    <ClInclude Include="source\include\spdlog\fmt\bundled\os.h">
      <Filter>Hlavičkové soubory</Filter>
    </ClInclude>
    <ClInclude Include="source\include\spdlog\fmt\bundled\ostream.h">
      <Filter>Hlavičkové soubory</Filter>
    </ClInclude>
    <ClInclude Include="source\include\spdlog\fmt\bundled\printf.h">
      <Filter>Hlavičkové soubory</Filter>
    </ClInclude>
    <ClInclude Include="source\include\spdlog\fmt\bundled\ranges.h">
      <Filter>Hlavičkové soubory</Filter>
    </ClInclude>
    <ClInclude Include="source\include\spdlog\fmt\bundled\std.h">
      <Filter>Hlavičkové soubory</Filter>
    </ClInclude>
    <ClInclude Include="source\include\spdlog\fmt\bundled\xchar.h">
      <Filter>Hlavičkové soubory</Filter>
    </ClInclude>
    <ClInclude Include="source\include\spdlog\fmt\bin_to_hex.h">
      <Filter>Hlavičkové soubory</Filter>
    </ClInclude>
    <ClInclude Include="source\include\spdlog\fmt\compile.h">
      <Filter>Hlavičkové soubory</Filter>
    </ClInclude>
    <ClInclude Include="source\include\spdlog\fmt\fmt.h">
      <Filter>Hlavičkové soubory</Filter>
    </ClInclude>
    <ClInclude Include="source\include\spdlog\fmt\chrono.h">
      <Filter>Hlavičkové soubory</Filter>
    </ClInclude>
    <ClInclude Include="source\include\spdlog\fmt\ostr.h">
      <Filter>Hlavičkové soubory</Filter>
    </ClInclude>
    <ClInclude Include="source\include\spdlog\fmt\ranges.h">
      <Filter>Hlavičkové soubory</Filter>
    </ClInclude>
    <ClInclude Include="source\include\spdlog\fmt\std.h">
      <Filter>Hlavičkové soubory</Filter>
    </ClInclude>
    <ClInclude Include="source\include\spdlog\fmt\xchar.h">
      <Filter>Hlavičkové soubory</Filter>
    </ClInclude>
    <ClInclude Include="source\include\spdlog\sinks\android_sink.h">
      <Filter>Hlavičkové soubory</Filter>
    </ClInclude>
    <ClInclude Include="source\include\spdlog\sinks\ansicolor_sink.h">
      <Filter>Hlavičkové soubory</Filter>
    </ClInclude>
    <ClInclude Include="source\include\spdlog\sinks\ansicolor_sink-inl.h">
      <Filter>Hlavičkové soubory</Filter>
    </ClInclude>
    <ClInclude Include="source\include\spdlog\sinks\base_sink.h">
      <Filter>Hlavičkové soubory</Filter>
    </ClInclude>
    <ClInclude Include="source\include\spdlog\sinks\base_sink-inl.h">
      <Filter>Hlavičkové soubory</Filter>
    </ClInclude>
    <ClInclude Include="source\include\spdlog\sinks\basic_file_sink.h">
      <Filter>Hlavičkové soubory</Filter>
    </ClInclude>
    <ClInclude Include="source\include\spdlog\sinks\basic_file_sink-inl.h">
      <Filter>Hlavičkové soubory</Filter>
    </ClInclude>
    <ClInclude Include="source\include\spdlog\sinks\callback_sink.h">
      <Filter>Hlavičkové soubory</Filter>
    </ClInclude>
    <ClInclude Include="source\include\spdlog\sinks\daily_file_sink.h">
      <Filter>Hlavičkové soubory</Filter>
    </ClInclude>
    <ClInclude Include="source\include\spdlog\sinks\dist_sink.h">
      <Filter>Hlavičkové soubory</Filter>
    </ClInclude>
    <ClInclude Include="source\include\spdlog\sinks\dup_filter_sink.h">
      <Filter>Hlavičkové soubory</Filter>
    </ClInclude>
    <ClInclude Include="source\include\spdlog\sinks\hourly_file_sink.h">
      <Filter>Hlavičkové soubory</Filter>
    </ClInclude>
    <ClInclude Include="source\include\spdlog\sinks\kafka_sink.h">
      <Filter>Hlavičkové soubory</Filter>
    </ClInclude>
    <ClInclude Include="source\include\spdlog\sinks\mongo_sink.h">
      <Filter>Hlavičkové soubory</Filter>
    </ClInclude>
    <ClInclude Include="source\include\spdlog\sinks\msvc_sink.h">
      <Filter>Hlavičkové soubory</Filter>
    </ClInclude>
    <ClInclude Include="source\include\spdlog\sinks\null_sink.h">
      <Filter>Hlavičkové soubory</Filter>
    </ClInclude>
    <ClInclude Include="source\include\spdlog\sinks\ostream_sink.h">
      <Filter>Hlavičkové soubory</Filter>
    </ClInclude>
    <ClInclude Include="source\include\spdlog\sinks\qt_sinks.h">
      <Filter>Hlavičkové soubory</Filter>
    </ClInclude>
    <ClInclude Include="source\include\spdlog\sinks\ringbuffer_sink.h">
      <Filter>Hlavičkové soubory</Filter>
    </ClInclude>
    <ClInclude Include="source\include\spdlog\sinks\rotating_file_sink.h">
      <Filter>Hlavičkové soubory</Filter>
    </ClInclude>
    <ClInclude Include="source\include\spdlog\sinks\rotating_file_sink-inl.h">
      <Filter>Hlavičkové soubory</Filter>
    </ClInclude>
    <ClInclude Include="source\include\spdlog\sinks\sink.h">
      <Filter>Hlavičkové soubory</Filter>
    </ClInclude>
    <ClInclude Include="source\include\spdlog\sinks\sink-inl.h">
      <Filter>Hlavičkové soubory</Filter>
    </ClInclude>
    <ClInclude Include="source\include\spdlog\sinks\stdout_color_sinks.h">
      <Filter>Hlavičkové soubory</Filter>
    </ClInclude>
    <ClInclude Include="source\include\spdlog\sinks\stdout_color_sinks-inl.h">
      <Filter>Hlavičkové soubory</Filter>
    </ClInclude>
    <ClInclude Include="source\include\spdlog\sinks\stdout_sinks.h">
      <Filter>Hlavičkové soubory</Filter>
    </ClInclude>
    <ClInclude Include="source\include\spdlog\sinks\stdout_sinks-inl.h">
      <Filter>Hlavičkové soubory</Filter>
    </ClInclude>
    <ClInclude Include="source\include\spdlog\sinks\syslog_sink.h">
      <Filter>Hlavičkové soubory</Filter>
    </ClInclude>
    <ClInclude Include="source\include\spdlog\sinks\systemd_sink.h">
      <Filter>Hlavičkové soubory</Filter>
    </ClInclude>
    <ClInclude Include="source\include\spdlog\sinks\tcp_sink.h">
      <Filter>Hlavičkové soubory</Filter>
    </ClInclude>
    <ClInclude Include="source\include\spdlog\sinks\udp_sink.h">
      <Filter>Hlavičkové soubory</Filter>
    </ClInclude>
    <ClInclude Include="source\include\spdlog\sinks\win_eventlog_sink.h">
      <Filter>Hlavičkové soubory</Filter>
    </ClInclude>
    <ClInclude Include="source\include\spdlog\sinks\wincolor_sink.h">
      <Filter>Hlavičkové soubory</Filter>
    </ClInclude>
    <ClInclude Include="source\include\spdlog\sinks\wincolor_sink-inl.h">
      <Filter>Hlavičkové soubory</Filter>
    </ClInclude>
    <ClInclude Include="source\include\spdlog\async.h">
      <Filter>Hlavičkové soubory</Filter>
    </ClInclude>
    <ClInclude Include="source\include\spdlog\async_logger.h">
      <Filter>Hlavičkové soubory</Filter>
    </ClInclude>
    <ClInclude Include="source\include\spdlog\async_logger-inl.h">
      <Filter>Hlavičkové soubory</Filter>
    </ClInclude>
    <ClInclude Include="source\include\spdlog\common.h">
      <Filter>Hlavičkové soubory</Filter>
    </ClInclude>
    <ClInclude Include="source\include\spdlog\common-inl.h">
      <Filter>Hlavičkové soubory</Filter>
    </ClInclude>
    <ClInclude Include="source\include\spdlog\formatter.h">
      <Filter>Hlavičkové soubory</Filter>
    </ClInclude>
    <ClInclude Include="source\include\spdlog\fwd.h">
      <Filter>Hlavičkové soubory</Filter>
    </ClInclude>
    <ClInclude Include="source\include\spdlog\logger.h">
      <Filter>Hlavičkové soubory</Filter>
    </ClInclude>
    <ClInclude Include="source\include\spdlog\logger-inl.h">
      <Filter>Hlavičkové soubory</Filter>
    </ClInclude>
    <ClInclude Include="source\include\spdlog\mdc.h">
      <Filter>Hlavičkové soubory</Filter>
    </ClInclude>
    <ClInclude Include="source\include\spdlog\pattern_formatter.h">
      <Filter>Hlavičkové soubory</Filter>
    </ClInclude>
    <ClInclude Include="source\include\spdlog\pattern_formatter-inl.h">
      <Filter>Hlavičkové soubory</Filter>
    </ClInclude>
    <ClInclude Include="source\include\spdlog\spdlog.h">
      <Filter>Hlavičkové soubory</Filter>
    </ClInclude>
    <ClInclude Include="source\include\spdlog\spdlog-inl.h">
      <Filter>Hlavičkové soubory</Filter>
    </ClInclude>
    <ClInclude Include="source\include\spdlog\stopwatch.h">
      <Filter>Hlavičkové soubory</Filter>
    </ClInclude>
    <ClInclude Include="source\include\spdlog\tweakme.h">
      <Filter>Hlavičkové soubory</Filter>
    </ClInclude>
    <ClInclude Include="source\include\spdlog\version.h">
      <Filter>Hlavičkové soubory</Filter>
    </ClInclude>
    <ClInclude Include="source\include\SafetyHook\allocator.hpp">
      <Filter>Hlavičkové soubory</Filter>
    </ClInclude>
    <ClInclude Include="source\include\SafetyHook\common.hpp">
      <Filter>Hlavičkové soubory</Filter>
    </ClInclude>
    <ClInclude Include="source\include\SafetyHook\context.hpp">
      <Filter>Hlavičkové soubory</Filter>
    </ClInclude>
    <ClInclude Include="source\include\SafetyHook\easy.hpp">
      <Filter>Hlavičkové soubory</Filter>
    </ClInclude>
    <ClInclude Include="source\include\SafetyHook\inline_hook.hpp">
      <Filter>Hlavičkové soubory</Filter>
    </ClInclude>
    <ClInclude Include="source\include\SafetyHook\mid_hook.hpp">
      <Filter>Hlavičkové soubory</Filter>
    </ClInclude>
    <ClInclude Include="source\include\SafetyHook\os.hpp">
      <Filter>Hlavičkové soubory</Filter>
    </ClInclude>
    <ClInclude Include="source\include\SafetyHook\rp_inline_hook.hpp">
      <Filter>Hlavičkové soubory</Filter>
    </ClInclude>
    <ClInclude Include="source\include\SafetyHook\safetyhook.hpp">
      <Filter>Hlavičkové soubory</Filter>
    </ClInclude>
    <ClInclude Include="source\include\SafetyHook\utility.hpp">
      <Filter>Hlavičkové soubory</Filter>
    </ClInclude>
    <ClInclude Include="source\include\SafetyHook\vmt_hook.hpp">
      <Filter>Hlavičkové soubory</Filter>
    </ClInclude>
  </ItemGroup>
  <ItemGroup>
    <ResourceCompile Include="AurieCore.rc">
      <Filter>Soubory zdrojů</Filter>
    </ResourceCompile>
  </ItemGroup>
  <ItemGroup>
    <None Include="source\include\SafetyHook\mid_hook.x86_32.asm">
      <Filter>Zdrojové soubory</Filter>
    </None>
    <None Include="source\include\SafetyHook\mid_hook.x86_64-linux.asm">
      <Filter>Zdrojové soubory</Filter>
    </None>
    <None Include="source\include\SafetyHook\mid_hook.x86_64-windows.asm">
      <Filter>Zdrojové soubory</Filter>
    </None>
  </ItemGroup>
</Project>